{
  "name": "client_packages",
  "version": "1.0.0",
  "lockfileVersion": 3,
  "requires": true,
  "packages": {
    "": {
      "name": "client_packages",
      "version": "1.0.0",
      "license": "ISC",
      "devDependencies": {
        "@ragempcommunity/types-client": "^2.1.6",
        "@types/ragemp-c": "https://github.com/CocaColaBear/types-ragemp-c/tarball/master"
      }
    },
    "node_modules/@ragempcommunity/types-client": {
      "version": "2.1.6",
      "resolved": "https://registry.npmjs.org/@ragempcommunity/types-client/-/types-client-2.1.6.tgz",
      "integrity": "sha512-5fWmjsYXLbQNf65kdin5cJDjYUZEwNxcvopHk/vKcWsO/dPfv0XOw7pICjvOLAdEAwOJDGlI9bpD/ZEce/sxJg==",
      "dev": true
    },
    "node_modules/@types/ragemp-c": {
      "version": "0.0.22",
      "resolved": "https://github.com/CocaColaBear/types-ragemp-c/tarball/master",
      "integrity": "sha512-jjJH+v8mT4So1ybEMlMKszqAXvXWpNbS1vY5zvNtYWrG2ZNFnkRz2PEPTqlwLHrPG2yXlDtmBufGufuFaa7Hzw==",
      "dev": true,
      "license": "MIT"
    }
  }
}
